<?xml version="1.0" encoding="utf-8"?>
<Project ToolsVersion="4.0" xmlns="http://schemas.microsoft.com/developer/msbuild/2003">
  <ItemGroup>
    <Filter Include="Source Files">
      <UniqueIdentifier>{4FC737F1-C7A5-4376-A066-2A32D752A2FF}</UniqueIdentifier>
      <Extensions>cpp;c;cc;cxx;def;odl;idl;hpj;bat;asm;asmx</Extensions>
    </Filter>
    <Filter Include="Header Files">
      <UniqueIdentifier>{f9a81529-07cb-4b81-9578-950adfa56c0a}</UniqueIdentifier>
    </Filter>
    <Filter Include="Other">
      <UniqueIdentifier>{1751cdf2-9b0f-4411-8bd0-6d3013c1bc49}</UniqueIdentifier>
    </Filter>
  </ItemGroup>
  <ItemGroup>
    <ClCompile Include="MaxCollector.cpp">
      <Filter>Source Files</Filter>
    </ClCompile>
    <ClCompile Include="MaxDialogExport.cpp">
      <Filter>Source Files</Filter>
    </ClCompile>
    <ClCompile Include="MaxExporter.cpp">
      <Filter>Source Files</Filter>
    </ClCompile>
    <ClCompile Include="MaxMarker.cpp">
      <Filter>Source Files</Filter>
    </ClCompile>
    <ClCompile Include="MaxMaterial.cpp">
      <Filter>Source Files</Filter>
    </ClCompile>
    <ClCompile Include="MaxMesh.cpp">
      <Filter>Source Files</Filter>
    </ClCompile>
    <ClCompile Include="MaxModel.cpp">
      <Filter>Source Files</Filter>
    </ClCompile>
    <ClCompile Include="MaxNode.cpp">
      <Filter>Source Files</Filter>
    </ClCompile>
    <ClCompile Include="MaxNullRHI.cpp">
      <Filter>Source Files</Filter>
    </ClCompile>
    <ClCompile Include="MaxSkeleton.cpp">
      <Filter>Source Files</Filter>
    </ClCompile>
    <ClCompile Include="MaxSkeletonAnimation.cpp">
      <Filter>Source Files</Filter>
    </ClCompile>
    <ClCompile Include="ExportPCH.cpp">
      <Filter>Other</Filter>
    </ClCompile>
  </ItemGroup>
  <ItemGroup>
    <ClInclude Include="MaxCollector.h">
      <Filter>Header Files</Filter>
    </ClInclude>
    <ClInclude Include="MaxDialogExport.h">
      <Filter>Header Files</Filter>
    </ClInclude>
    <ClInclude Include="MaxExporter.h">
      <Filter>Header Files</Filter>
    </ClInclude>
    <ClInclude Include="MaxMarker.h">
      <Filter>Header Files</Filter>
    </ClInclude>
    <ClInclude Include="MaxMaterial.h">
      <Filter>Header Files</Filter>
    </ClInclude>
    <ClInclude Include="MaxMesh.h">
      <Filter>Header Files</Filter>
    </ClInclude>
    <ClInclude Include="MaxModel.h">
      <Filter>Header Files</Filter>
    </ClInclude>
    <ClInclude Include="MaxNode.h">
      <Filter>Header Files</Filter>
    </ClInclude>
    <ClInclude Include="MaxSkeleton.h">
      <Filter>Header Files</Filter>
    </ClInclude>
    <ClInclude Include="MaxSkeletonAnimation.h">
      <Filter>Header Files</Filter>
    </ClInclude>
    <ClInclude Include="ExportPCH.h">
      <Filter>Other</Filter>
    </ClInclude>
    <ClInclude Include="PluginInclude.h">
      <Filter>Other</Filter>
    </ClInclude>
    <ClInclude Include="resource.h">
      <Filter>Other</Filter>
    </ClInclude>
  </ItemGroup>
  <ItemGroup>
    <ResourceCompile Include="NExporter.rc" />
  </ItemGroup>
</Project>