<?xml version="1.0" encoding="utf-8"?>
<Project ToolsVersion="4.0" xmlns="http://schemas.microsoft.com/developer/msbuild/2003">
  <ItemGroup>
    <Filter Include="Other Files">
      <UniqueIdentifier>{D9D6E242-F8AF-46E4-B9FD-80ECBC20BA3E}</UniqueIdentifier>
      <Extensions>qrc;*</Extensions>
      <ParseFiles>false</ParseFiles>
    </Filter>
    <Filter Include="Generated Files">
      <UniqueIdentifier>{71ED8ED8-ACB9-4CE9-BBE1-E00B30144E11}</UniqueIdentifier>
      <Extensions>moc;h;cpp</Extensions>
    </Filter>
    <Filter Include="Generated Files\Release">
      <UniqueIdentifier>{93254499-b910-46b9-9e81-c4d7a599cde8}</UniqueIdentifier>
      <Extensions>cpp;moc</Extensions>
      <SourceControlFiles>False</SourceControlFiles>
    </Filter>
    <Filter Include="Generated Files\Debug">
      <UniqueIdentifier>{b2ecb4a3-d20b-46ce-8114-e90d0a956eff}</UniqueIdentifier>
      <Extensions>cpp;moc</Extensions>
      <SourceControlFiles>False</SourceControlFiles>
    </Filter>
    <Filter Include="UI">
      <UniqueIdentifier>{05d770d6-21f4-43ee-b4f1-61396cd6f0aa}</UniqueIdentifier>
    </Filter>
    <Filter Include="Header Files">
      <UniqueIdentifier>{d42fa5de-e472-4fa9-a5e0-b67965be7768}</UniqueIdentifier>
    </Filter>
    <Filter Include="Source Files">
      <UniqueIdentifier>{44aab2e3-8706-405c-8e5d-7dd43a4b6642}</UniqueIdentifier>
    </Filter>
  </ItemGroup>
  <ItemGroup>
    <ClCompile Include="EditorPCH.cpp">
      <Filter>Other Files</Filter>
    </ClCompile>
    <ClCompile Include="GeneratedFiles\qrc_editorqt.cpp">
      <Filter>Generated Files</Filter>
    </ClCompile>
    <ClCompile Include="GeneratedFiles\Release\moc_QEditorFrame.cpp">
      <Filter>Generated Files\Release</Filter>
    </ClCompile>
    <ClCompile Include="GeneratedFiles\Release\moc_QExtendProperty.cpp">
      <Filter>Generated Files\Release</Filter>
    </ClCompile>
    <ClCompile Include="GeneratedFiles\Release\moc_QHierarchyPanel.cpp">
      <Filter>Generated Files\Release</Filter>
    </ClCompile>
    <ClCompile Include="GeneratedFiles\Release\moc_QMaterialPanel.cpp">
      <Filter>Generated Files\Release</Filter>
    </ClCompile>
    <ClCompile Include="GeneratedFiles\Release\moc_QMaterialScene.cpp">
      <Filter>Generated Files\Release</Filter>
    </ClCompile>
    <ClCompile Include="GeneratedFiles\Release\moc_QPreviewPanel.cpp">
      <Filter>Generated Files\Release</Filter>
    </ClCompile>
    <ClCompile Include="GeneratedFiles\Release\moc_QProjectPanel.cpp">
      <Filter>Generated Files\Release</Filter>
    </ClCompile>
    <ClCompile Include="GeneratedFiles\Release\moc_QPropertyGrid.cpp">
      <Filter>Generated Files\Release</Filter>
    </ClCompile>
    <ClCompile Include="GeneratedFiles\Release\moc_QRenderPanel.cpp">
      <Filter>Generated Files\Release</Filter>
    </ClCompile>
    <ClCompile Include="GeneratedFiles\Release\moc_QScenePanel.cpp">
      <Filter>Generated Files\Release</Filter>
    </ClCompile>
    <ClCompile Include="GeneratedFiles\Debug\moc_QEditorFrame.cpp">
      <Filter>Generated Files\Debug</Filter>
    </ClCompile>
    <ClCompile Include="GeneratedFiles\Debug\moc_QExtendProperty.cpp">
      <Filter>Generated Files\Debug</Filter>
    </ClCompile>
    <ClCompile Include="GeneratedFiles\Debug\moc_QHierarchyPanel.cpp">
      <Filter>Generated Files\Debug</Filter>
    </ClCompile>
    <ClCompile Include="GeneratedFiles\Debug\moc_QMaterialPanel.cpp">
      <Filter>Generated Files\Debug</Filter>
    </ClCompile>
    <ClCompile Include="GeneratedFiles\Debug\moc_QMaterialScene.cpp">
      <Filter>Generated Files\Debug</Filter>
    </ClCompile>
    <ClCompile Include="GeneratedFiles\Debug\moc_QPreviewPanel.cpp">
      <Filter>Generated Files\Debug</Filter>
    </ClCompile>
    <ClCompile Include="GeneratedFiles\Debug\moc_QProjectPanel.cpp">
      <Filter>Generated Files\Debug</Filter>
    </ClCompile>
    <ClCompile Include="GeneratedFiles\Debug\moc_QPropertyGrid.cpp">
      <Filter>Generated Files\Debug</Filter>
    </ClCompile>
    <ClCompile Include="GeneratedFiles\Debug\moc_QRenderPanel.cpp">
      <Filter>Generated Files\Debug</Filter>
    </ClCompile>
    <ClCompile Include="GeneratedFiles\Debug\moc_QScenePanel.cpp">
      <Filter>Generated Files\Debug</Filter>
    </ClCompile>
    <ClCompile Include="CommandManager.cpp">
      <Filter>Source Files</Filter>
    </ClCompile>
    <ClCompile Include="EditorActor.cpp">
      <Filter>Source Files</Filter>
    </ClCompile>
    <ClCompile Include="EditorObject.cpp">
      <Filter>Source Files</Filter>
    </ClCompile>
    <ClCompile Include="Gizmo.cpp">
      <Filter>Source Files</Filter>
    </ClCompile>
    <ClCompile Include="main.cpp">
      <Filter>Source Files</Filter>
    </ClCompile>
    <ClCompile Include="ObjectModifier.cpp">
      <Filter>Source Files</Filter>
    </ClCompile>
    <ClCompile Include="QCmdObject.cpp">
      <Filter>Source Files</Filter>
    </ClCompile>
    <ClCompile Include="QEditorFrame.cpp">
      <Filter>Source Files</Filter>
    </ClCompile>
    <ClCompile Include="QExtendProperty.cpp">
      <Filter>Source Files</Filter>
    </ClCompile>
    <ClCompile Include="QHierarchyPanel.cpp">
      <Filter>Source Files</Filter>
    </ClCompile>
    <ClCompile Include="QMaterialElement.cpp">
      <Filter>Source Files</Filter>
    </ClCompile>
    <ClCompile Include="QMaterialPanel.cpp">
      <Filter>Source Files</Filter>
    </ClCompile>
    <ClCompile Include="QMaterialScene.cpp">
      <Filter>Source Files</Filter>
    </ClCompile>
    <ClCompile Include="QPreviewPanel.cpp">
      <Filter>Source Files</Filter>
    </ClCompile>
    <ClCompile Include="QProjectPanel.cpp">
      <Filter>Source Files</Filter>
    </ClCompile>
    <ClCompile Include="QPropertyGrid.cpp">
      <Filter>Source Files</Filter>
    </ClCompile>
    <ClCompile Include="QRenderPanel.cpp">
      <Filter>Source Files</Filter>
    </ClCompile>
    <ClCompile Include="QScenePanel.cpp">
      <Filter>Source Files</Filter>
    </ClCompile>
    <ClCompile Include="QTypeMapper.cpp">
      <Filter>Source Files</Filter>
    </ClCompile>
  </ItemGroup>
  <ItemGroup>
    <ClInclude Include="EditorPCH.h">
      <Filter>Other Files</Filter>
    </ClInclude>
    <ClInclude Include="PrivateInclude.h">
      <Filter>Other Files</Filter>
    </ClInclude>
    <ClInclude Include="GeneratedFiles\ui_EditorFrame.h">
      <Filter>Generated Files</Filter>
    </ClInclude>
    <ClInclude Include="GeneratedFiles\ui_HierarchyPanel.h">
      <Filter>Generated Files</Filter>
    </ClInclude>
    <ClInclude Include="GeneratedFiles\ui_MaterialPanel.h">
      <Filter>Generated Files</Filter>
    </ClInclude>
    <ClInclude Include="GeneratedFiles\ui_ProjectPanel.h">
      <Filter>Generated Files</Filter>
    </ClInclude>
    <ClInclude Include="CommandManager.h">
      <Filter>Header Files</Filter>
    </ClInclude>
    <ClInclude Include="EditorActor.h">
      <Filter>Header Files</Filter>
    </ClInclude>
    <ClInclude Include="EditorDefines.h">
      <Filter>Header Files</Filter>
    </ClInclude>
    <ClInclude Include="EditorObject.h">
      <Filter>Header Files</Filter>
    </ClInclude>
    <ClInclude Include="Gizmo.h">
      <Filter>Header Files</Filter>
    </ClInclude>
    <ClInclude Include="ObjectModifier.h">
      <Filter>Header Files</Filter>
    </ClInclude>
    <ClInclude Include="QCmdObject.h">
      <Filter>Header Files</Filter>
    </ClInclude>
    <ClInclude Include="QTypeMapper.h">
      <Filter>Header Files</Filter>
    </ClInclude>
  </ItemGroup>
  <ItemGroup>
    <CustomBuild Include="editorqt.qrc">
      <Filter>Other Files</Filter>
    </CustomBuild>
    <CustomBuild Include="EditorFrame.ui">
      <Filter>UI</Filter>
    </CustomBuild>
    <CustomBuild Include="HierarchyPanel.ui">
      <Filter>UI</Filter>
    </CustomBuild>
    <CustomBuild Include="MaterialPanel.ui">
      <Filter>UI</Filter>
    </CustomBuild>
    <CustomBuild Include="ProjectPanel.ui">
      <Filter>UI</Filter>
    </CustomBuild>
    <CustomBuild Include="QEditorFrame.h">
      <Filter>Header Files</Filter>
    </CustomBuild>
    <CustomBuild Include="QExtendProperty.h">
      <Filter>Header Files</Filter>
    </CustomBuild>
    <CustomBuild Include="QHierarchyPanel.h">
      <Filter>Header Files</Filter>
    </CustomBuild>
    <CustomBuild Include="QMaterialElement.h">
      <Filter>Header Files</Filter>
    </CustomBuild>
    <CustomBuild Include="QMaterialPanel.h">
      <Filter>Header Files</Filter>
    </CustomBuild>
    <CustomBuild Include="QMaterialScene.h">
      <Filter>Header Files</Filter>
    </CustomBuild>
    <CustomBuild Include="QPreviewPanel.h">
      <Filter>Header Files</Filter>
    </CustomBuild>
    <CustomBuild Include="QProjectPanel.h">
      <Filter>Header Files</Filter>
    </CustomBuild>
    <CustomBuild Include="QPropertyGrid.h">
      <Filter>Header Files</Filter>
    </CustomBuild>
    <CustomBuild Include="QRenderPanel.h">
      <Filter>Header Files</Filter>
    </CustomBuild>
    <CustomBuild Include="QScenePanel.h">
      <Filter>Header Files</Filter>
    </CustomBuild>
  </ItemGroup>
</Project>